
Microsoft Visual Studio Solution File, Format Version 12.00
# Visual Studio Version 17
VisualStudioVersion = 17.0.31903.59
MinimumVisualStudioVersion = 10.0.40219.1
Project("{2150E333-8FDC-42A3-9474-1A3956D46DE8}") = "src", "src", "{827E0CD3-B72D-47B6-A68D-7590B98EB39B}"
EndProject
Project("{FAE04EC0-301F-11D3-BF4B-00C04F79EFBC}") = "InsightLogger.Api", "src\InsightLogger.Api\InsightLogger.Api.csproj", "{A397844A-E0F8-400B-BB3E-F768F8B9AC37}"
EndProject
Project("{FAE04EC0-301F-11D3-BF4B-00C04F79EFBC}") = "InsightLogger.Application", "src\InsightLogger.Application\InsightLogger.Application.csproj", "{D1D2CE75-4C71-494A-BBB3-98785A92968B}"
EndProject
Project("{FAE04EC0-301F-11D3-BF4B-00C04F79EFBC}") = "InsightLogger.Domain", "src\InsightLogger.Domain\InsightLogger.Domain.csproj", "{B3B04B57-2BF1-4307-8E89-F9442F45B4C9}"
EndProject
Project("{FAE04EC0-301F-11D3-BF4B-00C04F79EFBC}") = "InsightLogger.Infrastructure", "src\InsightLogger.Infrastructure\InsightLogger.Infrastructure.csproj", "{0ADB1198-014F-4E7D-B2F7-3E0DADB5CB53}"
EndProject
Project("{FAE04EC0-301F-11D3-BF4B-00C04F79EFBC}") = "InsightLogger.Contracts", "src\InsightLogger.Contracts\InsightLogger.Contracts.csproj", "{6347EC70-21E6-4679-A3D4-C7F258A1279F}"
EndProject
Project("{2150E333-8FDC-42A3-9474-1A3956D46DE8}") = "tests", "tests", "{0AB3BF05-4346-4AA6-1389-037BE0695223}"
EndProject
Project("{FAE04EC0-301F-11D3-BF4B-00C04F79EFBC}") = "InsightLogger.UnitTests", "tests\InsightLogger.UnitTests\InsightLogger.UnitTests.csproj", "{9FE37A77-5267-4474-A1A8-0082AF71B390}"
EndProject
Project("{FAE04EC0-301F-11D3-BF4B-00C04F79EFBC}") = "InsightLogger.ApplicationTests", "tests\InsightLogger.ApplicationTests\InsightLogger.ApplicationTests.csproj", "{2AFC7773-30CB-49D5-AACE-2DE1D67723E6}"
EndProject
Project("{FAE04EC0-301F-11D3-BF4B-00C04F79EFBC}") = "InsightLogger.InfrastructureTests", "tests\InsightLogger.InfrastructureTests\InsightLogger.InfrastructureTests.csproj", "{E340638C-032A-4685-BEE5-F55F70AAB268}"
EndProject
Project("{FAE04EC0-301F-11D3-BF4B-00C04F79EFBC}") = "InsightLogger.ApiTests", "tests\InsightLogger.ApiTests\InsightLogger.ApiTests.csproj", "{4D3DE1AB-1976-4947-8335-758BEA7C9F0C}"
EndProject
Project("{FAE04EC0-301F-11D3-BF4B-00C04F79EFBC}") = "InsightLogger.IntegrationTests", "tests\InsightLogger.IntegrationTests\InsightLogger.IntegrationTests.csproj", "{3F72B138-A312-4BCE-9FB7-EC123D03D20F}"
EndProject
Project("{FAE04EC0-301F-11D3-BF4B-00C04F79EFBC}") = "InsightLogger.GoldenLogs.Tests", "tests\InsightLogger.GoldenLogs.Tests\InsightLogger.GoldenLogs.Tests.csproj", "{21E5D858-393B-426C-93E4-A05ABFACF19F}"
EndProject
Global
	GlobalSection(SolutionConfigurationPlatforms) = preSolution
		Debug|Any CPU = Debug|Any CPU
		Debug|x64 = Debug|x64
		Debug|x86 = Debug|x86
		Release|Any CPU = Release|Any CPU
		Release|x64 = Release|x64
		Release|x86 = Release|x86
	EndGlobalSection
	GlobalSection(ProjectConfigurationPlatforms) = postSolution
		{A397844A-E0F8-400B-BB3E-F768F8B9AC37}.Debug|Any CPU.ActiveCfg = Debug|Any CPU
		{A397844A-E0F8-400B-BB3E-F768F8B9AC37}.Debug|Any CPU.Build.0 = Debug|Any CPU
		{A397844A-E0F8-400B-BB3E-F768F8B9AC37}.Debug|x64.ActiveCfg = Debug|Any CPU
		{A397844A-E0F8-400B-BB3E-F768F8B9AC37}.Debug|x64.Build.0 = Debug|Any CPU
		{A397844A-E0F8-400B-BB3E-F768F8B9AC37}.Debug|x86.ActiveCfg = Debug|Any CPU
		{A397844A-E0F8-400B-BB3E-F768F8B9AC37}.Debug|x86.Build.0 = Debug|Any CPU
		{A397844A-E0F8-400B-BB3E-F768F8B9AC37}.Release|Any CPU.ActiveCfg = Release|Any CPU
		{A397844A-E0F8-400B-BB3E-F768F8B9AC37}.Release|Any CPU.Build.0 = Release|Any CPU
		{A397844A-E0F8-400B-BB3E-F768F8B9AC37}.Release|x64.ActiveCfg = Release|Any CPU
		{A397844A-E0F8-400B-BB3E-F768F8B9AC37}.Release|x64.Build.0 = Release|Any CPU
		{A397844A-E0F8-400B-BB3E-F768F8B9AC37}.Release|x86.ActiveCfg = Release|Any CPU
		{A397844A-E0F8-400B-BB3E-F768F8B9AC37}.Release|x86.Build.0 = Release|Any CPU
		{D1D2CE75-4C71-494A-BBB3-98785A92968B}.Debug|Any CPU.ActiveCfg = Debug|Any CPU
		{D1D2CE75-4C71-494A-BBB3-98785A92968B}.Debug|Any CPU.Build.0 = Debug|Any CPU
		{D1D2CE75-4C71-494A-BBB3-98785A92968B}.Debug|x64.ActiveCfg = Debug|Any CPU
		{D1D2CE75-4C71-494A-BBB3-98785A92968B}.Debug|x64.Build.0 = Debug|Any CPU
		{D1D2CE75-4C71-494A-BBB3-98785A92968B}.Debug|x86.ActiveCfg = Debug|Any CPU
		{D1D2CE75-4C71-494A-BBB3-98785A92968B}.Debug|x86.Build.0 = Debug|Any CPU
		{D1D2CE75-4C71-494A-BBB3-98785A92968B}.Release|Any CPU.ActiveCfg = Release|Any CPU
		{D1D2CE75-4C71-494A-BBB3-98785A92968B}.Release|Any CPU.Build.0 = Release|Any CPU
		{D1D2CE75-4C71-494A-BBB3-98785A92968B}.Release|x64.ActiveCfg = Release|Any CPU
		{D1D2CE75-4C71-494A-BBB3-98785A92968B}.Release|x64.Build.0 = Release|Any CPU
		{D1D2CE75-4C71-494A-BBB3-98785A92968B}.Release|x86.ActiveCfg = Release|Any CPU
		{D1D2CE75-4C71-494A-BBB3-98785A92968B}.Release|x86.Build.0 = Release|Any CPU
		{B3B04B57-2BF1-4307-8E89-F9442F45B4C9}.Debug|Any CPU.ActiveCfg = Debug|Any CPU
		{B3B04B57-2BF1-4307-8E89-F9442F45B4C9}.Debug|Any CPU.Build.0 = Debug|Any CPU
		{B3B04B57-2BF1-4307-8E89-F9442F45B4C9}.Debug|x64.ActiveCfg = Debug|Any CPU
		{B3B04B57-2BF1-4307-8E89-F9442F45B4C9}.Debug|x64.Build.0 = Debug|Any CPU
		{B3B04B57-2BF1-4307-8E89-F9442F45B4C9}.Debug|x86.ActiveCfg = Debug|Any CPU
		{B3B04B57-2BF1-4307-8E89-F9442F45B4C9}.Debug|x86.Build.0 = Debug|Any CPU
		{B3B04B57-2BF1-4307-8E89-F9442F45B4C9}.Release|Any CPU.ActiveCfg = Release|Any CPU
		{B3B04B57-2BF1-4307-8E89-F9442F45B4C9}.Release|Any CPU.Build.0 = Release|Any CPU
		{B3B04B57-2BF1-4307-8E89-F9442F45B4C9}.Release|x64.ActiveCfg = Release|Any CPU
		{B3B04B57-2BF1-4307-8E89-F9442F45B4C9}.Release|x64.Build.0 = Release|Any CPU
		{B3B04B57-2BF1-4307-8E89-F9442F45B4C9}.Release|x86.ActiveCfg = Release|Any CPU
		{B3B04B57-2BF1-4307-8E89-F9442F45B4C9}.Release|x86.Build.0 = Release|Any CPU
		{0ADB1198-014F-4E7D-B2F7-3E0DADB5CB53}.Debug|Any CPU.ActiveCfg = Debug|Any CPU
		{0ADB1198-014F-4E7D-B2F7-3E0DADB5CB53}.Debug|Any CPU.Build.0 = Debug|Any CPU
		{0ADB1198-014F-4E7D-B2F7-3E0DADB5CB53}.Debug|x64.ActiveCfg = Debug|Any CPU
		{0ADB1198-014F-4E7D-B2F7-3E0DADB5CB53}.Debug|x64.Build.0 = Debug|Any CPU
		{0ADB1198-014F-4E7D-B2F7-3E0DADB5CB53}.Debug|x86.ActiveCfg = Debug|Any CPU
		{0ADB1198-014F-4E7D-B2F7-3E0DADB5CB53}.Debug|x86.Build.0 = Debug|Any CPU
		{0ADB1198-014F-4E7D-B2F7-3E0DADB5CB53}.Release|Any CPU.ActiveCfg = Release|Any CPU
		{0ADB1198-014F-4E7D-B2F7-3E0DADB5CB53}.Release|Any CPU.Build.0 = Release|Any CPU
		{0ADB1198-014F-4E7D-B2F7-3E0DADB5CB53}.Release|x64.ActiveCfg = Release|Any CPU
		{0ADB1198-014F-4E7D-B2F7-3E0DADB5CB53}.Release|x64.Build.0 = Release|Any CPU
		{0ADB1198-014F-4E7D-B2F7-3E0DADB5CB53}.Release|x86.ActiveCfg = Release|Any CPU
		{0ADB1198-014F-4E7D-B2F7-3E0DADB5CB53}.Release|x86.Build.0 = Release|Any CPU
		{6347EC70-21E6-4679-A3D4-C7F258A1279F}.Debug|Any CPU.ActiveCfg = Debug|Any CPU
		{6347EC70-21E6-4679-A3D4-C7F258A1279F}.Debug|Any CPU.Build.0 = Debug|Any CPU
		{6347EC70-21E6-4679-A3D4-C7F258A1279F}.Debug|x64.ActiveCfg = Debug|Any CPU
		{6347EC70-21E6-4679-A3D4-C7F258A1279F}.Debug|x64.Build.0 = Debug|Any CPU
		{6347EC70-21E6-4679-A3D4-C7F258A1279F}.Debug|x86.ActiveCfg = Debug|Any CPU
		{6347EC70-21E6-4679-A3D4-C7F258A1279F}.Debug|x86.Build.0 = Debug|Any CPU
		{6347EC70-21E6-4679-A3D4-C7F258A1279F}.Release|Any CPU.ActiveCfg = Release|Any CPU
		{6347EC70-21E6-4679-A3D4-C7F258A1279F}.Release|Any CPU.Build.0 = Release|Any CPU
		{6347EC70-21E6-4679-A3D4-C7F258A1279F}.Release|x64.ActiveCfg = Release|Any CPU
		{6347EC70-21E6-4679-A3D4-C7F258A1279F}.Release|x64.Build.0 = Release|Any CPU
		{6347EC70-21E6-4679-A3D4-C7F258A1279F}.Release|x86.ActiveCfg = Release|Any CPU
		{6347EC70-21E6-4679-A3D4-C7F258A1279F}.Release|x86.Build.0 = Release|Any CPU
		{9FE37A77-5267-4474-A1A8-0082AF71B390}.Debug|Any CPU.ActiveCfg = Debug|Any CPU
		{9FE37A77-5267-4474-A1A8-0082AF71B390}.Debug|Any CPU.Build.0 = Debug|Any CPU
		{9FE37A77-5267-4474-A1A8-0082AF71B390}.Debug|x64.ActiveCfg = Debug|Any CPU
		{9FE37A77-5267-4474-A1A8-0082AF71B390}.Debug|x64.Build.0 = Debug|Any CPU
		{9FE37A77-5267-4474-A1A8-0082AF71B390}.Debug|x86.ActiveCfg = Debug|Any CPU
		{9FE37A77-5267-4474-A1A8-0082AF71B390}.Debug|x86.Build.0 = Debug|Any CPU
		{9FE37A77-5267-4474-A1A8-0082AF71B390}.Release|Any CPU.ActiveCfg = Release|Any CPU
		{9FE37A77-5267-4474-A1A8-0082AF71B390}.Release|Any CPU.Build.0 = Release|Any CPU
		{9FE37A77-5267-4474-A1A8-0082AF71B390}.Release|x64.ActiveCfg = Release|Any CPU
		{9FE37A77-5267-4474-A1A8-0082AF71B390}.Release|x64.Build.0 = Release|Any CPU
		{9FE37A77-5267-4474-A1A8-0082AF71B390}.Release|x86.ActiveCfg = Release|Any CPU
		{9FE37A77-5267-4474-A1A8-0082AF71B390}.Release|x86.Build.0 = Release|Any CPU
		{2AFC7773-30CB-49D5-AACE-2DE1D67723E6}.Debug|Any CPU.ActiveCfg = Debug|Any CPU
		{2AFC7773-30CB-49D5-AACE-2DE1D67723E6}.Debug|Any CPU.Build.0 = Debug|Any CPU
		{2AFC7773-30CB-49D5-AACE-2DE1D67723E6}.Debug|x64.ActiveCfg = Debug|Any CPU
		{2AFC7773-30CB-49D5-AACE-2DE1D67723E6}.Debug|x64.Build.0 = Debug|Any CPU
		{2AFC7773-30CB-49D5-AACE-2DE1D67723E6}.Debug|x86.ActiveCfg = Debug|Any CPU
		{2AFC7773-30CB-49D5-AACE-2DE1D67723E6}.Debug|x86.Build.0 = Debug|Any CPU
		{2AFC7773-30CB-49D5-AACE-2DE1D67723E6}.Release|Any CPU.ActiveCfg = Release|Any CPU
		{2AFC7773-30CB-49D5-AACE-2DE1D67723E6}.Release|Any CPU.Build.0 = Release|Any CPU
		{2AFC7773-30CB-49D5-AACE-2DE1D67723E6}.Release|x64.ActiveCfg = Release|Any CPU
		{2AFC7773-30CB-49D5-AACE-2DE1D67723E6}.Release|x64.Build.0 = Release|Any CPU
		{2AFC7773-30CB-49D5-AACE-2DE1D67723E6}.Release|x86.ActiveCfg = Release|Any CPU
		{2AFC7773-30CB-49D5-AACE-2DE1D67723E6}.Release|x86.Build.0 = Release|Any CPU
		{E340638C-032A-4685-BEE5-F55F70AAB268}.Debug|Any CPU.ActiveCfg = Debug|Any CPU
		{E340638C-032A-4685-BEE5-F55F70AAB268}.Debug|Any CPU.Build.0 = Debug|Any CPU
		{E340638C-032A-4685-BEE5-F55F70AAB268}.Debug|x64.ActiveCfg = Debug|Any CPU
		{E340638C-032A-4685-BEE5-F55F70AAB268}.Debug|x64.Build.0 = Debug|Any CPU
		{E340638C-032A-4685-BEE5-F55F70AAB268}.Debug|x86.ActiveCfg = Debug|Any CPU
		{E340638C-032A-4685-BEE5-F55F70AAB268}.Debug|x86.Build.0 = Debug|Any CPU
		{E340638C-032A-4685-BEE5-F55F70AAB268}.Release|Any CPU.ActiveCfg = Release|Any CPU
		{E340638C-032A-4685-BEE5-F55F70AAB268}.Release|Any CPU.Build.0 = Release|Any CPU
		{E340638C-032A-4685-BEE5-F55F70AAB268}.Release|x64.ActiveCfg = Release|Any CPU
		{E340638C-032A-4685-BEE5-F55F70AAB268}.Release|x64.Build.0 = Release|Any CPU
		{E340638C-032A-4685-BEE5-F55F70AAB268}.Release|x86.ActiveCfg = Release|Any CPU
		{E340638C-032A-4685-BEE5-F55F70AAB268}.Release|x86.Build.0 = Release|Any CPU
		{4D3DE1AB-1976-4947-8335-758BEA7C9F0C}.Debug|Any CPU.ActiveCfg = Debug|Any CPU
		{4D3DE1AB-1976-4947-8335-758BEA7C9F0C}.Debug|Any CPU.Build.0 = Debug|Any CPU
		{4D3DE1AB-1976-4947-8335-758BEA7C9F0C}.Debug|x64.ActiveCfg = Debug|Any CPU
		{4D3DE1AB-1976-4947-8335-758BEA7C9F0C}.Debug|x64.Build.0 = Debug|Any CPU
		{4D3DE1AB-1976-4947-8335-758BEA7C9F0C}.Debug|x86.ActiveCfg = Debug|Any CPU
		{4D3DE1AB-1976-4947-8335-758BEA7C9F0C}.Debug|x86.Build.0 = Debug|Any CPU
		{4D3DE1AB-1976-4947-8335-758BEA7C9F0C}.Release|Any CPU.ActiveCfg = Release|Any CPU
		{4D3DE1AB-1976-4947-8335-758BEA7C9F0C}.Release|Any CPU.Build.0 = Release|Any CPU
		{4D3DE1AB-1976-4947-8335-758BEA7C9F0C}.Release|x64.ActiveCfg = Release|Any CPU
		{4D3DE1AB-1976-4947-8335-758BEA7C9F0C}.Release|x64.Build.0 = Release|Any CPU
		{4D3DE1AB-1976-4947-8335-758BEA7C9F0C}.Release|x86.ActiveCfg = Release|Any CPU
		{4D3DE1AB-1976-4947-8335-758BEA7C9F0C}.Release|x86.Build.0 = Release|Any CPU
		{3F72B138-A312-4BCE-9FB7-EC123D03D20F}.Debug|Any CPU.ActiveCfg = Debug|Any CPU
		{3F72B138-A312-4BCE-9FB7-EC123D03D20F}.Debug|Any CPU.Build.0 = Debug|Any CPU
		{3F72B138-A312-4BCE-9FB7-EC123D03D20F}.Debug|x64.ActiveCfg = Debug|Any CPU
		{3F72B138-A312-4BCE-9FB7-EC123D03D20F}.Debug|x64.Build.0 = Debug|Any CPU
		{3F72B138-A312-4BCE-9FB7-EC123D03D20F}.Debug|x86.ActiveCfg = Debug|Any CPU
		{3F72B138-A312-4BCE-9FB7-EC123D03D20F}.Debug|x86.Build.0 = Debug|Any CPU
		{3F72B138-A312-4BCE-9FB7-EC123D03D20F}.Release|Any CPU.ActiveCfg = Release|Any CPU
		{3F72B138-A312-4BCE-9FB7-EC123D03D20F}.Release|Any CPU.Build.0 = Release|Any CPU
		{3F72B138-A312-4BCE-9FB7-EC123D03D20F}.Release|x64.ActiveCfg = Release|Any CPU
		{3F72B138-A312-4BCE-9FB7-EC123D03D20F}.Release|x64.Build.0 = Release|Any CPU
		{3F72B138-A312-4BCE-9FB7-EC123D03D20F}.Release|x86.ActiveCfg = Release|Any CPU
		{3F72B138-A312-4BCE-9FB7-EC123D03D20F}.Release|x86.Build.0 = Release|Any CPU
		{21E5D858-393B-426C-93E4-A05ABFACF19F}.Debug|Any CPU.ActiveCfg = Debug|Any CPU
		{21E5D858-393B-426C-93E4-A05ABFACF19F}.Debug|Any CPU.Build.0 = Debug|Any CPU
		{21E5D858-393B-426C-93E4-A05ABFACF19F}.Debug|x64.ActiveCfg = Debug|Any CPU
		{21E5D858-393B-426C-93E4-A05ABFACF19F}.Debug|x64.Build.0 = Debug|Any CPU
		{21E5D858-393B-426C-93E4-A05ABFACF19F}.Debug|x86.ActiveCfg = Debug|Any CPU
		{21E5D858-393B-426C-93E4-A05ABFACF19F}.Debug|x86.Build.0 = Debug|Any CPU
		{21E5D858-393B-426C-93E4-A05ABFACF19F}.Release|Any CPU.ActiveCfg = Release|Any CPU
		{21E5D858-393B-426C-93E4-A05ABFACF19F}.Release|Any CPU.Build.0 = Release|Any CPU
		{21E5D858-393B-426C-93E4-A05ABFACF19F}.Release|x64.ActiveCfg = Release|Any CPU
		{21E5D858-393B-426C-93E4-A05ABFACF19F}.Release|x64.Build.0 = Release|Any CPU
		{21E5D858-393B-426C-93E4-A05ABFACF19F}.Release|x86.ActiveCfg = Release|Any CPU
		{21E5D858-393B-426C-93E4-A05ABFACF19F}.Release|x86.Build.0 = Release|Any CPU
	EndGlobalSection
	GlobalSection(SolutionProperties) = preSolution
		HideSolutionNode = FALSE
	EndGlobalSection
	GlobalSection(NestedProjects) = preSolution
		{A397844A-E0F8-400B-BB3E-F768F8B9AC37} = {827E0CD3-B72D-47B6-A68D-7590B98EB39B}
		{D1D2CE75-4C71-494A-BBB3-98785A92968B} = {827E0CD3-B72D-47B6-A68D-7590B98EB39B}
		{B3B04B57-2BF1-4307-8E89-F9442F45B4C9} = {827E0CD3-B72D-47B6-A68D-7590B98EB39B}
		{0ADB1198-014F-4E7D-B2F7-3E0DADB5CB53} = {827E0CD3-B72D-47B6-A68D-7590B98EB39B}
		{6347EC70-21E6-4679-A3D4-C7F258A1279F} = {827E0CD3-B72D-47B6-A68D-7590B98EB39B}
		{9FE37A77-5267-4474-A1A8-0082AF71B390} = {0AB3BF05-4346-4AA6-1389-037BE0695223}
		{2AFC7773-30CB-49D5-AACE-2DE1D67723E6} = {0AB3BF05-4346-4AA6-1389-037BE0695223}
		{E340638C-032A-4685-BEE5-F55F70AAB268} = {0AB3BF05-4346-4AA6-1389-037BE0695223}
		{4D3DE1AB-1976-4947-8335-758BEA7C9F0C} = {0AB3BF05-4346-4AA6-1389-037BE0695223}
		{3F72B138-A312-4BCE-9FB7-EC123D03D20F} = {0AB3BF05-4346-4AA6-1389-037BE0695223}
		{21E5D858-393B-426C-93E4-A05ABFACF19F} = {0AB3BF05-4346-4AA6-1389-037BE0695223}
	EndGlobalSection
EndGlobal
